// !$*UTF8*$!
{
	archiveVersion = 1;
	classes = {
	};
	objectVersion = 56;
	objects = {

/* Begin PBXBuildFile section */
		B50452182A35529900DD7C71 /* AngleAndFaceRecognitionApp.swift in Sources */ = {isa = PBXBuildFile; fileRef = B50452172A35529900DD7C71 /* AngleAndFaceRecognitionApp.swift */; };
		B504521A2A35529900DD7C71 /* ContentView.swift in Sources */ = {isa = PBXBuildFile; fileRef = B50452192A35529900DD7C71 /* ContentView.swift */; };
		B504521C2A35529A00DD7C71 /* Assets.xcassets in Resources */ = {isa = PBXBuildFile; fileRef = B504521B2A35529A00DD7C71 /* Assets.xcassets */; };
		B504521F2A35529A00DD7C71 /* Preview Assets.xcassets in Resources */ = {isa = PBXBuildFile; fileRef = B504521E2A35529A00DD7C71 /* Preview Assets.xcassets */; };
		B50452292A35529B00DD7C71 /* AngleAndFaceRecognitionTests.swift in Sources */ = {isa = PBXBuildFile; fileRef = B50452282A35529B00DD7C71 /* AngleAndFaceRecognitionTests.swift */; };
		B50452332A35529B00DD7C71 /* AngleAndFaceRecognitionUITests.swift in Sources */ = {isa = PBXBuildFile; fileRef = B50452322A35529B00DD7C71 /* AngleAndFaceRecognitionUITests.swift */; };
		B50452352A35529B00DD7C71 /* AngleAndFaceRecognitionUITestsLaunchTests.swift in Sources */ = {isa = PBXBuildFile; fileRef = B50452342A35529B00DD7C71 /* AngleAndFaceRecognitionUITestsLaunchTests.swift */; };
/* End PBXBuildFile section */

/* Begin PBXContainerItemProxy section */
		B50452252A35529B00DD7C71 /* PBXContainerItemProxy */ = {
			isa = PBXContainerItemProxy;
			containerPortal = B504520C2A35529900DD7C71 /* Project object */;
			proxyType = 1;
			remoteGlobalIDString = B50452132A35529900DD7C71;
			remoteInfo = AngleAndFaceRecognition;
		};
		B504522F2A35529B00DD7C71 /* PBXContainerItemProxy */ = {
			isa = PBXContainerItemProxy;
			containerPortal = B504520C2A35529900DD7C71 /* Project object */;
			proxyType = 1;
			remoteGlobalIDString = B50452132A35529900DD7C71;
			remoteInfo = AngleAndFaceRecognition;
		};
/* End PBXContainerItemProxy section */

/* Begin PBXFileReference section */
		B50452142A35529900DD7C71 /* AngleAndFaceRecognition.app */ = {isa = PBXFileReference; explicitFileType = wrapper.application; includeInIndex = 0; path = AngleAndFaceRecognition.app; sourceTree = BUILT_PRODUCTS_DIR; };
		B50452172A35529900DD7C71 /* AngleAndFaceRecognitionApp.swift */ = {isa = PBXFileReference; lastKnownFileType = sourcecode.swift; path = AngleAndFaceRecognitionApp.swift; sourceTree = "<group>"; };
		B50452192A35529900DD7C71 /* ContentView.swift */ = {isa = PBXFileReference; lastKnownFileType = sourcecode.swift; path = ContentView.swift; sourceTree = "<group>"; };
		B504521B2A35529A00DD7C71 /* Assets.xcassets */ = {isa = PBXFileReference; lastKnownFileType = folder.assetcatalog; path = Assets.xcassets; sourceTree = "<group>"; };
		B504521E2A35529A00DD7C71 /* Preview Assets.xcassets */ = {isa = PBXFileReference; lastKnownFileType = folder.assetcatalog; path = "Preview Assets.xcassets"; sourceTree = "<group>"; };
		B50452242A35529B00DD7C71 /* AngleAndFaceRecognitionTests.xctest */ = {isa = PBXFileReference; explicitFileType = wrapper.cfbundle; includeInIndex = 0; path = AngleAndFaceRecognitionTests.xctest; sourceTree = BUILT_PRODUCTS_DIR; };
		B50452282A35529B00DD7C71 /* AngleAndFaceRecognitionTests.swift */ = {isa = PBXFileReference; lastKnownFileType = sourcecode.swift; path = AngleAndFaceRecognitionTests.swift; sourceTree = "<group>"; };
		B504522E2A35529B00DD7C71 /* AngleAndFaceRecognitionUITests.xctest */ = {isa = PBXFileReference; explicitFileType = wrapper.cfbundle; includeInIndex = 0; path = AngleAndFaceRecognitionUITests.xctest; sourceTree = BUILT_PRODUCTS_DIR; };
		B50452322A35529B00DD7C71 /* AngleAndFaceRecognitionUITests.swift */ = {isa = PBXFileReference; lastKnownFileType = sourcecode.swift; path = AngleAndFaceRecognitionUITests.swift; sourceTree = "<group>"; };
		B50452342A35529B00DD7C71 /* AngleAndFaceRecognitionUITestsLaunchTests.swift */ = {isa = PBXFileReference; lastKnownFileType = sourcecode.swift; path = AngleAndFaceRecognitionUITestsLaunchTests.swift; sourceTree = "<group>"; };
/* End PBXFileReference section */

/* Begin PBXFrameworksBuildPhase section */
		B50452112A35529900DD7C71 /* Frameworks */ = {
			isa = PBXFrameworksBuildPhase;
			buildActionMask = 2147483647;
			files = (
			);
			runOnlyForDeploymentPostprocessing = 0;
		};
		B50452212A35529B00DD7C71 /* Frameworks */ = {
			isa = PBXFrameworksBuildPhase;
			buildActionMask = 2147483647;
			files = (
			);
			runOnlyForDeploymentPostprocessing = 0;
		};
		B504522B2A35529B00DD7C71 /* Frameworks */ = {
			isa = PBXFrameworksBuildPhase;
			buildActionMask = 2147483647;
			files = (
			);
			runOnlyForDeploymentPostprocessing = 0;
		};
/* End PBXFrameworksBuildPhase section */

/* Begin PBXGroup section */
		B504520B2A35529900DD7C71 = {
			isa = PBXGroup;
			children = (
				B50452162A35529900DD7C71 /* AngleAndFaceRecognition */,
				B50452272A35529B00DD7C71 /* AngleAndFaceRecognitionTests */,
				B50452312A35529B00DD7C71 /* AngleAndFaceRecognitionUITests */,
				B50452152A35529900DD7C71 /* Products */,
			);
			sourceTree = "<group>";
		};
		B50452152A35529900DD7C71 /* Products */ = {
			isa = PBXGroup;
			children = (
				B50452142A35529900DD7C71 /* AngleAndFaceRecognition.app */,
				B50452242A35529B00DD7C71 /* AngleAndFaceRecognitionTests.xctest */,
				B504522E2A35529B00DD7C71 /* AngleAndFaceRecognitionUITests.xctest */,
			);
			name = Products;
			sourceTree = "<group>";
		};
		B50452162A35529900DD7C71 /* AngleAndFaceRecognition */ = {
			isa = PBXGroup;
			children = (
				B50452172A35529900DD7C71 /* AngleAndFaceRecognitionApp.swift */,
				B50452192A35529900DD7C71 /* ContentView.swift */,
				B504521B2A35529A00DD7C71 /* Assets.xcassets */,
				B504521D2A35529A00DD7C71 /* Preview Content */,
			);
			path = AngleAndFaceRecognition;
			sourceTree = "<group>";
		};
		B504521D2A35529A00DD7C71 /* Preview Content */ = {
			isa = PBXGroup;
			children = (
				B504521E2A35529A00DD7C71 /* Preview Assets.xcassets */,
			);
			path = "Preview Content";
			sourceTree = "<group>";
		};
		B50452272A35529B00DD7C71 /* AngleAndFaceRecognitionTests */ = {
			isa = PBXGroup;
			children = (
				B50452282A35529B00DD7C71 /* AngleAndFaceRecognitionTests.swift */,
			);
			path = AngleAndFaceRecognitionTests;
			sourceTree = "<group>";
		};
		B50452312A35529B00DD7C71 /* AngleAndFaceRecognitionUITests */ = {
			isa = PBXGroup;
			children = (
				B50452322A35529B00DD7C71 /* AngleAndFaceRecognitionUITests.swift */,
				B50452342A35529B00DD7C71 /* AngleAndFaceRecognitionUITestsLaunchTests.swift */,
			);
			path = AngleAndFaceRecognitionUITests;
			sourceTree = "<group>";
		};
/* End PBXGroup section */

/* Begin PBXNativeTarget section */
		B50452132A35529900DD7C71 /* AngleAndFaceRecognition */ = {
			isa = PBXNativeTarget;
			buildConfigurationList = B50452382A35529B00DD7C71 /* Build configuration list for PBXNativeTarget "AngleAndFaceRecognition" */;
			buildPhases = (
				B50452102A35529900DD7C71 /* Sources */,
				B50452112A35529900DD7C71 /* Frameworks */,
				B50452122A35529900DD7C71 /* Resources */,
			);
			buildRules = (
			);
			dependencies = (
			);
			name = AngleAndFaceRecognition;
			productName = AngleAndFaceRecognition;
			productReference = B50452142A35529900DD7C71 /* AngleAndFaceRecognition.app */;
			productType = "com.apple.product-type.application";
		};
		B50452232A35529B00DD7C71 /* AngleAndFaceRecognitionTests */ = {
			isa = PBXNativeTarget;
			buildConfigurationList = B504523B2A35529B00DD7C71 /* Build configuration list for PBXNativeTarget "AngleAndFaceRecognitionTests" */;
			buildPhases = (
				B50452202A35529B00DD7C71 /* Sources */,
				B50452212A35529B00DD7C71 /* Frameworks */,
				B50452222A35529B00DD7C71 /* Resources */,
			);
			buildRules = (
			);
			dependencies = (
				B50452262A35529B00DD7C71 /* PBXTargetDependency */,
			);
			name = AngleAndFaceRecognitionTests;
			productName = AngleAndFaceRecognitionTests;
			productReference = B50452242A35529B00DD7C71 /* AngleAndFaceRecognitionTests.xctest */;
			productType = "com.apple.product-type.bundle.unit-test";
		};
		B504522D2A35529B00DD7C71 /* AngleAndFaceRecognitionUITests */ = {
			isa = PBXNativeTarget;
			buildConfigurationList = B504523E2A35529B00DD7C71 /* Build configuration list for PBXNativeTarget "AngleAndFaceRecognitionUITests" */;
			buildPhases = (
				B504522A2A35529B00DD7C71 /* Sources */,
				B504522B2A35529B00DD7C71 /* Frameworks */,
				B504522C2A35529B00DD7C71 /* Resources */,
			);
			buildRules = (
			);
			dependencies = (
				B50452302A35529B00DD7C71 /* PBXTargetDependency */,
			);
			name = AngleAndFaceRecognitionUITests;
			productName = AngleAndFaceRecognitionUITests;
			productReference = B504522E2A35529B00DD7C71 /* AngleAndFaceRecognitionUITests.xctest */;
			productType = "com.apple.product-type.bundle.ui-testing";
		};
/* End PBXNativeTarget section */

/* Begin PBXProject section */
		B504520C2A35529900DD7C71 /* Project object */ = {
			isa = PBXProject;
			attributes = {
				BuildIndependentTargetsInParallel = 1;
				LastSwiftUpdateCheck = 1420;
				LastUpgradeCheck = 1420;
				TargetAttributes = {
					B50452132A35529900DD7C71 = {
						CreatedOnToolsVersion = 14.2;
					};
					B50452232A35529B00DD7C71 = {
						CreatedOnToolsVersion = 14.2;
						TestTargetID = B50452132A35529900DD7C71;
					};
					B504522D2A35529B00DD7C71 = {
						CreatedOnToolsVersion = 14.2;
						TestTargetID = B50452132A35529900DD7C71;
					};
				};
			};
			buildConfigurationList = B504520F2A35529900DD7C71 /* Build configuration list for PBXProject "AngleAndFaceRecognition" */;
			compatibilityVersion = "Xcode 14.0";
			developmentRegion = en;
			hasScannedForEncodings = 0;
			knownRegions = (
				en,
				Base,
			);
			mainGroup = B504520B2A35529900DD7C71;
			productRefGroup = B50452152A35529900DD7C71 /* Products */;
			projectDirPath = "";
			projectRoot = "";
			targets = (
				B50452132A35529900DD7C71 /* AngleAndFaceRecognition */,
				B50452232A35529B00DD7C71 /* AngleAndFaceRecognitionTests */,
				B504522D2A35529B00DD7C71 /* AngleAndFaceRecognitionUITests */,
			);
		};
/* End PBXProject section */

/* Begin PBXResourcesBuildPhase section */
		B50452122A35529900DD7C71 /* Resources */ = {
			isa = PBXResourcesBuildPhase;
			buildActionMask = 2147483647;
			files = (
				B504521F2A35529A00DD7C71 /* Preview Assets.xcassets in Resources */,
				B504521C2A35529A00DD7C71 /* Assets.xcassets in Resources */,
			);
			runOnlyForDeploymentPostprocessing = 0;
		};
		B50452222A35529B00DD7C71 /* Resources */ = {
			isa = PBXResourcesBuildPhase;
			buildActionMask = 2147483647;
			files = (
			);
			runOnlyForDeploymentPostprocessing = 0;
		};
		B504522C2A35529B00DD7C71 /* Resources */ = {
			isa = PBXResourcesBuildPhase;
			buildActionMask = 2147483647;
			files = (
			);
			runOnlyForDeploymentPostprocessing = 0;
		};
/* End PBXResourcesBuildPhase section */

/* Begin PBXSourcesBuildPhase section */
		B50452102A35529900DD7C71 /* Sources */ = {
			isa = PBXSourcesBuildPhase;
			buildActionMask = 2147483647;
			files = (
				B504521A2A35529900DD7C71 /* ContentView.swift in Sources */,
				B50452182A35529900DD7C71 /* AngleAndFaceRecognitionApp.swift in Sources */,
			);
			runOnlyForDeploymentPostprocessing = 0;
		};
		B50452202A35529B00DD7C71 /* Sources */ = {
			isa = PBXSourcesBuildPhase;
			buildActionMask = 2147483647;
			files = (
				B50452292A35529B00DD7C71 /* AngleAndFaceRecognitionTests.swift in Sources */,
			);
			runOnlyForDeploymentPostprocessing = 0;
		};
		B504522A2A35529B00DD7C71 /* Sources */ = {
			isa = PBXSourcesBuildPhase;
			buildActionMask = 2147483647;
			files = (
				B50452332A35529B00DD7C71 /* AngleAndFaceRecognitionUITests.swift in Sources */,
				B50452352A35529B00DD7C71 /* AngleAndFaceRecognitionUITestsLaunchTests.swift in Sources */,
			);
			runOnlyForDeploymentPostprocessing = 0;
		};
/* End PBXSourcesBuildPhase section */

/* Begin PBXTargetDependency section */
		B50452262A35529B00DD7C71 /* PBXTargetDependency */ = {
			isa = PBXTargetDependency;
			target = B50452132A35529900DD7C71 /* AngleAndFaceRecognition */;
			targetProxy = B50452252A35529B00DD7C71 /* PBXContainerItemProxy */;
		};
		B50452302A35529B00DD7C71 /* PBXTargetDependency */ = {
			isa = PBXTargetDependency;
			target = B50452132A35529900DD7C71 /* AngleAndFaceRecognition */;
			targetProxy = B504522F2A35529B00DD7C71 /* PBXContainerItemProxy */;
		};
/* End PBXTargetDependency section */

/* Begin XCBuildConfiguration section */
		B50452362A35529B00DD7C71 /* Debug */ = {
			isa = XCBuildConfiguration;
			buildSettings = {
				ALWAYS_SEARCH_USER_PATHS = NO;
				CLANG_ANALYZER_NONNULL = YES;
				CLANG_ANALYZER_NUMBER_OBJECT_CONVERSION = YES_AGGRESSIVE;
				CLANG_CXX_LANGUAGE_STANDARD = "gnu++20";
				CLANG_ENABLE_MODULES = YES;
				CLANG_ENABLE_OBJC_ARC = YES;
				CLANG_ENABLE_OBJC_WEAK = YES;
				CLANG_WARN_BLOCK_CAPTURE_AUTORELEASING = YES;
				CLANG_WARN_BOOL_CONVERSION = YES;
				CLANG_WARN_COMMA = YES;
				CLANG_WARN_CONSTANT_CONVERSION = YES;
				CLANG_WARN_DEPRECATED_OBJC_IMPLEMENTATIONS = YES;
				CLANG_WARN_DIRECT_OBJC_ISA_USAGE = YES_ERROR;
				CLANG_WARN_DOCUMENTATION_COMMENTS = YES;
				CLANG_WARN_EMPTY_BODY = YES;
				CLANG_WARN_ENUM_CONVERSION = YES;
				CLANG_WARN_INFINITE_RECURSION = YES;
				CLANG_WARN_INT_CONVERSION = YES;
				CLANG_WARN_NON_LITERAL_NULL_CONVERSION = YES;
				CLANG_WARN_OBJC_IMPLICIT_RETAIN_SELF = YES;
				CLANG_WARN_OBJC_LITERAL_CONVERSION = YES;
				CLANG_WARN_OBJC_ROOT_CLASS = YES_ERROR;
				CLANG_WARN_QUOTED_INCLUDE_IN_FRAMEWORK_HEADER = YES;
				CLANG_WARN_RANGE_LOOP_ANALYSIS = YES;
				CLANG_WARN_STRICT_PROTOTYPES = YES;
				CLANG_WARN_SUSPICIOUS_MOVE = YES;
				CLANG_WARN_UNGUARDED_AVAILABILITY = YES_AGGRESSIVE;
				CLANG_WARN_UNREACHABLE_CODE = YES;
				CLANG_WARN__DUPLICATE_METHOD_MATCH = YES;
				COPY_PHASE_STRIP = NO;
				DEBUG_INFORMATION_FORMAT = dwarf;
				ENABLE_STRICT_OBJC_MSGSEND = YES;
				ENABLE_TESTABILITY = YES;
				GCC_C_LANGUAGE_STANDARD = gnu11;
				GCC_DYNAMIC_NO_PIC = NO;
				GCC_NO_COMMON_BLOCKS = YES;
				GCC_OPTIMIZATION_LEVEL = 0;
				GCC_PREPROCESSOR_DEFINITIONS = (
					"DEBUG=1",
					"$(inherited)",
				);
				GCC_WARN_64_TO_32_BIT_CONVERSION = YES;
				GCC_WARN_ABOUT_RETURN_TYPE = YES_ERROR;
				GCC_WARN_UNDECLARED_SELECTOR = YES;
				GCC_WARN_UNINITIALIZED_AUTOS = YES_AGGRESSIVE;
				GCC_WARN_UNUSED_FUNCTION = YES;
				GCC_WARN_UNUSED_VARIABLE = YES;
				IPHONEOS_DEPLOYMENT_TARGET = 16.2;
				MTL_ENABLE_DEBUG_INFO = INCLUDE_SOURCE;
				MTL_FAST_MATH = YES;
				ONLY_ACTIVE_ARCH = YES;
				SDKROOT = iphoneos;
				SWIFT_ACTIVE_COMPILATION_CONDITIONS = DEBUG;
				SWIFT_OPTIMIZATION_LEVEL = "-Onone";
			};
			name = Debug;
		};
		B50452372A35529B00DD7C71 /* Release */ = {
			isa = XCBuildConfiguration;
			buildSettings = {
				ALWAYS_SEARCH_USER_PATHS = NO;
				CLANG_ANALYZER_NONNULL = YES;
				CLANG_ANALYZER_NUMBER_OBJECT_CONVERSION = YES_AGGRESSIVE;
				CLANG_CXX_LANGUAGE_STANDARD = "gnu++20";
				CLANG_ENABLE_MODULES = YES;
				CLANG_ENABLE_OBJC_ARC = YES;
				CLANG_ENABLE_OBJC_WEAK = YES;
				CLANG_WARN_BLOCK_CAPTURE_AUTORELEASING = YES;
				CLANG_WARN_BOOL_CONVERSION = YES;
				CLANG_WARN_COMMA = YES;
				CLANG_WARN_CONSTANT_CONVERSION = YES;
				CLANG_WARN_DEPRECATED_OBJC_IMPLEMENTATIONS = YES;
				CLANG_WARN_DIRECT_OBJC_ISA_USAGE = YES_ERROR;
				CLANG_WARN_DOCUMENTATION_COMMENTS = YES;
				CLANG_WARN_EMPTY_BODY = YES;
				CLANG_WARN_ENUM_CONVERSION = YES;
				CLANG_WARN_INFINITE_RECURSION = YES;
				CLANG_WARN_INT_CONVERSION = YES;
				CLANG_WARN_NON_LITERAL_NULL_CONVERSION = YES;
				CLANG_WARN_OBJC_IMPLICIT_RETAIN_SELF = YES;
				CLANG_WARN_OBJC_LITERAL_CONVERSION = YES;
				CLANG_WARN_OBJC_ROOT_CLASS = YES_ERROR;
				CLANG_WARN_QUOTED_INCLUDE_IN_FRAMEWORK_HEADER = YES;
				CLANG_WARN_RANGE_LOOP_ANALYSIS = YES;
				CLANG_WARN_STRICT_PROTOTYPES = YES;
				CLANG_WARN_SUSPICIOUS_MOVE = YES;
				CLANG_WARN_UNGUARDED_AVAILABILITY = YES_AGGRESSIVE;
				CLANG_WARN_UNREACHABLE_CODE = YES;
				CLANG_WARN__DUPLICATE_METHOD_MATCH = YES;
				COPY_PHASE_STRIP = NO;
				DEBUG_INFORMATION_FORMAT = "dwarf-with-dsym";
				ENABLE_NS_ASSERTIONS = NO;
				ENABLE_STRICT_OBJC_MSGSEND = YES;
				GCC_C_LANGUAGE_STANDARD = gnu11;
				GCC_NO_COMMON_BLOCKS = YES;
				GCC_WARN_64_TO_32_BIT_CONVERSION = YES;
				GCC_WARN_ABOUT_RETURN_TYPE = YES_ERROR;
				GCC_WARN_UNDECLARED_SELECTOR = YES;
				GCC_WARN_UNINITIALIZED_AUTOS = YES_AGGRESSIVE;
				GCC_WARN_UNUSED_FUNCTION = YES;
				GCC_WARN_UNUSED_VARIABLE = YES;
				IPHONEOS_DEPLOYMENT_TARGET = 16.2;
				MTL_ENABLE_DEBUG_INFO = NO;
				MTL_FAST_MATH = YES;
				SDKROOT = iphoneos;
				SWIFT_COMPILATION_MODE = wholemodule;
				SWIFT_OPTIMIZATION_LEVEL = "-O";
				VALIDATE_PRODUCT = YES;
			};
			name = Release;
		};
		B50452392A35529B00DD7C71 /* Debug */ = {
			isa = XCBuildConfiguration;
			buildSettings = {
				ASSETCATALOG_COMPILER_APPICON_NAME = AppIcon;
				ASSETCATALOG_COMPILER_GLOBAL_ACCENT_COLOR_NAME = AccentColor;
				CODE_SIGN_STYLE = Automatic;
				CURRENT_PROJECT_VERSION = 1;
				DEVELOPMENT_ASSET_PATHS = "\"AngleAndFaceRecognition/Preview Content\"";
				DEVELOPMENT_TEAM = J992S8KRJN;
				ENABLE_PREVIEWS = YES;
				GENERATE_INFOPLIST_FILE = YES;
				INFOPLIST_KEY_UIApplicationSceneManifest_Generation = YES;
				INFOPLIST_KEY_UIApplicationSupportsIndirectInputEvents = YES;
				INFOPLIST_KEY_UILaunchScreen_Generation = YES;
				INFOPLIST_KEY_UISupportedInterfaceOrientations_iPad = "UIInterfaceOrientationPortrait UIInterfaceOrientationPortraitUpsideDown UIInterfaceOrientationLandscapeLeft UIInterfaceOrientationLandscapeRight";
				INFOPLIST_KEY_UISupportedInterfaceOrientations_iPhone = "UIInterfaceOrientationPortrait UIInterfaceOrientationLandscapeLeft UIInterfaceOrientationLandscapeRight";
				LD_RUNPATH_SEARCH_PATHS = (
					"$(inherited)",
					"@executable_path/Frameworks",
				);
				MARKETING_VERSION = 1.0;
				PRODUCT_BUNDLE_IDENTIFIER = MrSpring.AngleAndFaceRecognition;
				PRODUCT_NAME = "$(TARGET_NAME)";
				SWIFT_EMIT_LOC_STRINGS = YES;
				SWIFT_VERSION = 5.0;
				TARGETED_DEVICE_FAMILY = "1,2";
			};
			name = Debug;
		};
		B504523A2A35529B00DD7C71 /* Release */ = {
			isa = XCBuildConfiguration;
			buildSettings = {
				ASSETCATALOG_COMPILER_APPICON_NAME = AppIcon;
				ASSETCATALOG_COMPILER_GLOBAL_ACCENT_COLOR_NAME = AccentColor;
				CODE_SIGN_STYLE = Automatic;
				CURRENT_PROJECT_VERSION = 1;
				DEVELOPMENT_ASSET_PATHS = "\"AngleAndFaceRecognition/Preview Content\"";
				DEVELOPMENT_TEAM = J992S8KRJN;
				ENABLE_PREVIEWS = YES;
				GENERATE_INFOPLIST_FILE = YES;
				INFOPLIST_KEY_UIApplicationSceneManifest_Generation = YES;
				INFOPLIST_KEY_UIApplicationSupportsIndirectInputEvents = YES;
				INFOPLIST_KEY_UILaunchScreen_Generation = YES;
				INFOPLIST_KEY_UISupportedInterfaceOrientations_iPad = "UIInterfaceOrientationPortrait UIInterfaceOrientationPortraitUpsideDown UIInterfaceOrientationLandscapeLeft UIInterfaceOrientationLandscapeRight";
				INFOPLIST_KEY_UISupportedInterfaceOrientations_iPhone = "UIInterfaceOrientationPortrait UIInterfaceOrientationLandscapeLeft UIInterfaceOrientationLandscapeRight";
				LD_RUNPATH_SEARCH_PATHS = (
					"$(inherited)",
					"@executable_path/Frameworks",
				);
				MARKETING_VERSION = 1.0;
				PRODUCT_BUNDLE_IDENTIFIER = MrSpring.AngleAndFaceRecognition;
				PRODUCT_NAME = "$(TARGET_NAME)";
				SWIFT_EMIT_LOC_STRINGS = YES;
				SWIFT_VERSION = 5.0;
				TARGETED_DEVICE_FAMILY = "1,2";
			};
			name = Release;
		};
		B504523C2A35529B00DD7C71 /* Debug */ = {
			isa = XCBuildConfiguration;
			buildSettings = {
				ALWAYS_EMBED_SWIFT_STANDARD_LIBRARIES = YES;
				BUNDLE_LOADER = "$(TEST_HOST)";
				CODE_SIGN_STYLE = Automatic;
				CURRENT_PROJECT_VERSION = 1;
				DEVELOPMENT_TEAM = J992S8KRJN;
				GENERATE_INFOPLIST_FILE = YES;
				IPHONEOS_DEPLOYMENT_TARGET = 16.2;
				MARKETING_VERSION = 1.0;
				PRODUCT_BUNDLE_IDENTIFIER = MrSpring.AngleAndFaceRecognitionTests;
				PRODUCT_NAME = "$(TARGET_NAME)";
				SWIFT_EMIT_LOC_STRINGS = NO;
				SWIFT_VERSION = 5.0;
				TARGETED_DEVICE_FAMILY = "1,2";
				TEST_HOST = "$(BUILT_PRODUCTS_DIR)/AngleAndFaceRecognition.app/$(BUNDLE_EXECUTABLE_FOLDER_PATH)/AngleAndFaceRecognition";
			};
			name = Debug;
		};
		B504523D2A35529B00DD7C71 /* Release */ = {
			isa = XCBuildConfiguration;
			buildSettings = {
				ALWAYS_EMBED_SWIFT_STANDARD_LIBRARIES = YES;
				BUNDLE_LOADER = "$(TEST_HOST)";
				CODE_SIGN_STYLE = Automatic;
				CURRENT_PROJECT_VERSION = 1;
				DEVELOPMENT_TEAM = J992S8KRJN;
				GENERATE_INFOPLIST_FILE = YES;
				IPHONEOS_DEPLOYMENT_TARGET = 16.2;
				MARKETING_VERSION = 1.0;
				PRODUCT_BUNDLE_IDENTIFIER = MrSpring.AngleAndFaceRecognitionTests;
				PRODUCT_NAME = "$(TARGET_NAME)";
				SWIFT_EMIT_LOC_STRINGS = NO;
				SWIFT_VERSION = 5.0;
				TARGETED_DEVICE_FAMILY = "1,2";
				TEST_HOST = "$(BUILT_PRODUCTS_DIR)/AngleAndFaceRecognition.app/$(BUNDLE_EXECUTABLE_FOLDER_PATH)/AngleAndFaceRecognition";
			};
			name = Release;
		};
		B504523F2A35529B00DD7C71 /* Debug */ = {
			isa = XCBuildConfiguration;
			buildSettings = {
				ALWAYS_EMBED_SWIFT_STANDARD_LIBRARIES = YES;
				CODE_SIGN_STYLE = Automatic;
				CURRENT_PROJECT_VERSION = 1;
				DEVELOPMENT_TEAM = J992S8KRJN;
				GENERATE_INFOPLIST_FILE = YES;
				MARKETING_VERSION = 1.0;
				PRODUCT_BUNDLE_IDENTIFIER = MrSpring.AngleAndFaceRecognitionUITests;
				PRODUCT_NAME = "$(TARGET_NAME)";
				SWIFT_EMIT_LOC_STRINGS = NO;
				SWIFT_VERSION = 5.0;
				TARGETED_DEVICE_FAMILY = "1,2";
				TEST_TARGET_NAME = AngleAndFaceRecognition;
			};
			name = Debug;
		};
		B50452402A35529B00DD7C71 /* Release */ = {
			isa = XCBuildConfiguration;
			buildSettings = {
				ALWAYS_EMBED_SWIFT_STANDARD_LIBRARIES = YES;
				CODE_SIGN_STYLE = Automatic;
				CURRENT_PROJECT_VERSION = 1;
				DEVELOPMENT_TEAM = J992S8KRJN;
				GENERATE_INFOPLIST_FILE = YES;
				MARKETING_VERSION = 1.0;
				PRODUCT_BUNDLE_IDENTIFIER = MrSpring.AngleAndFaceRecognitionUITests;
				PRODUCT_NAME = "$(TARGET_NAME)";
				SWIFT_EMIT_LOC_STRINGS = NO;
				SWIFT_VERSION = 5.0;
				TARGETED_DEVICE_FAMILY = "1,2";
				TEST_TARGET_NAME = AngleAndFaceRecognition;
			};
			name = Release;
		};
/* End XCBuildConfiguration section */

/* Begin XCConfigurationList section */
		B504520F2A35529900DD7C71 /* Build configuration list for PBXProject "AngleAndFaceRecognition" */ = {
			isa = XCConfigurationList;
			buildConfigurations = (
				B50452362A35529B00DD7C71 /* Debug */,
				B50452372A35529B00DD7C71 /* Release */,
			);
			defaultConfigurationIsVisible = 0;
			defaultConfigurationName = Release;
		};
		B50452382A35529B00DD7C71 /* Build configuration list for PBXNativeTarget "AngleAndFaceRecognition" */ = {
			isa = XCConfigurationList;
			buildConfigurations = (
				B50452392A35529B00DD7C71 /* Debug */,
				B504523A2A35529B00DD7C71 /* Release */,
			);
			defaultConfigurationIsVisible = 0;
			defaultConfigurationName = Release;
		};
		B504523B2A35529B00DD7C71 /* Build configuration list for PBXNativeTarget "AngleAndFaceRecognitionTests" */ = {
			isa = XCConfigurationList;
			buildConfigurations = (
				B504523C2A35529B00DD7C71 /* Debug */,
				B504523D2A35529B00DD7C71 /* Release */,
			);
			defaultConfigurationIsVisible = 0;
			defaultConfigurationName = Release;
		};
		B504523E2A35529B00DD7C71 /* Build configuration list for PBXNativeTarget "AngleAndFaceRecognitionUITests" */ = {
			isa = XCConfigurationList;
			buildConfigurations = (
				B504523F2A35529B00DD7C71 /* Debug */,
				B50452402A35529B00DD7C71 /* Release */,
			);
			defaultConfigurationIsVisible = 0;
			defaultConfigurationName = Release;
		};
/* End XCConfigurationList section */
	};
	rootObject = B504520C2A35529900DD7C71 /* Project object */;
}
